
Microsoft Visual Studio Solution File, Format Version 12.00
# Visual Studio Version 17
VisualStudioVersion = 17.0.31903.59
MinimumVisualStudioVersion = 10.0.40219.1
Project("{FAE04EC0-301F-11D3-BF4B-00C04F79EFBC}") = "SpecRec", "SpecRec\SpecRec.csproj", "{7D33471A-9873-4F06-B63F-9E8C10A35823}"
EndProject
Project("{FAE04EC0-301F-11D3-BF4B-00C04F79EFBC}") = "SpecRec.Tests", "SpecRec.Tests\SpecRec.Tests.csproj", "{349CA12F-C471-497C-9B8D-C8C51EE4AD72}"
EndProject
Global
	GlobalSection(SolutionConfigurationPlatforms) = preSolution
		Debug|Any CPU = Debug|Any CPU
		Debug|x64 = Debug|x64
		Debug|x86 = Debug|x86
		Release|Any CPU = Release|Any CPU
		Release|x64 = Release|x64
		Release|x86 = Release|x86
	EndGlobalSection
	GlobalSection(ProjectConfigurationPlatforms) = postSolution
		{7D33471A-9873-4F06-B63F-9E8C10A35823}.Debug|Any CPU.ActiveCfg = Debug|Any CPU
		{7D33471A-9873-4F06-B63F-9E8C10A35823}.Debug|Any CPU.Build.0 = Debug|Any CPU
		{7D33471A-9873-4F06-B63F-9E8C10A35823}.Debug|x64.ActiveCfg = Debug|Any CPU
		{7D33471A-9873-4F06-B63F-9E8C10A35823}.Debug|x64.Build.0 = Debug|Any CPU
		{7D33471A-9873-4F06-B63F-9E8C10A35823}.Debug|x86.ActiveCfg = Debug|Any CPU
		{7D33471A-9873-4F06-B63F-9E8C10A35823}.Debug|x86.Build.0 = Debug|Any CPU
		{7D33471A-9873-4F06-B63F-9E8C10A35823}.Release|Any CPU.ActiveCfg = Release|Any CPU
		{7D33471A-9873-4F06-B63F-9E8C10A35823}.Release|Any CPU.Build.0 = Release|Any CPU
		{7D33471A-9873-4F06-B63F-9E8C10A35823}.Release|x64.ActiveCfg = Release|Any CPU
		{7D33471A-9873-4F06-B63F-9E8C10A35823}.Release|x64.Build.0 = Release|Any CPU
		{7D33471A-9873-4F06-B63F-9E8C10A35823}.Release|x86.ActiveCfg = Release|Any CPU
		{7D33471A-9873-4F06-B63F-9E8C10A35823}.Release|x86.Build.0 = Release|Any CPU
		{349CA12F-C471-497C-9B8D-C8C51EE4AD72}.Debug|Any CPU.ActiveCfg = Debug|Any CPU
		{349CA12F-C471-497C-9B8D-C8C51EE4AD72}.Debug|Any CPU.Build.0 = Debug|Any CPU
		{349CA12F-C471-497C-9B8D-C8C51EE4AD72}.Debug|x64.ActiveCfg = Debug|Any CPU
		{349CA12F-C471-497C-9B8D-C8C51EE4AD72}.Debug|x64.Build.0 = Debug|Any CPU
		{349CA12F-C471-497C-9B8D-C8C51EE4AD72}.Debug|x86.ActiveCfg = Debug|Any CPU
		{349CA12F-C471-497C-9B8D-C8C51EE4AD72}.Debug|x86.Build.0 = Debug|Any CPU
		{349CA12F-C471-497C-9B8D-C8C51EE4AD72}.Release|Any CPU.ActiveCfg = Release|Any CPU
		{349CA12F-C471-497C-9B8D-C8C51EE4AD72}.Release|Any CPU.Build.0 = Release|Any CPU
		{349CA12F-C471-497C-9B8D-C8C51EE4AD72}.Release|x64.ActiveCfg = Release|Any CPU
		{349CA12F-C471-497C-9B8D-C8C51EE4AD72}.Release|x64.Build.0 = Release|Any CPU
		{349CA12F-C471-497C-9B8D-C8C51EE4AD72}.Release|x86.ActiveCfg = Release|Any CPU
		{349CA12F-C471-497C-9B8D-C8C51EE4AD72}.Release|x86.Build.0 = Release|Any CPU
	EndGlobalSection
	GlobalSection(SolutionProperties) = preSolution
		HideSolutionNode = FALSE
	EndGlobalSection
EndGlobal
